
Microsoft Visual Studio Solution File, Format Version 12.00
# Visual Studio Version 17
VisualStudioVersion = 17.13.35919.96
MinimumVisualStudioVersion = 10.0.40219.1
Project("{FAE04EC0-301F-11D3-BF4B-00C04F79EFBC}") = "BigBang1112cz", "BigBang1112cz\BigBang1112cz.csproj", "{CE9800B1-2F83-450A-A53F-72C32EBC1575}"
EndProject
Project("{E53339B2-1760-4266-BCC7-CA923CBCF16C}") = "docker-compose", "docker-compose.dcproj", "{81DDED9D-158B-E303-5F62-77A2896D2A5A}"
EndProject
Global
	GlobalSection(SolutionConfigurationPlatforms) = preSolution
		Debug|Any CPU = Debug|Any CPU
		Release|Any CPU = Release|Any CPU
	EndGlobalSection
	GlobalSection(ProjectConfigurationPlatforms) = postSolution
		{CE9800B1-2F83-450A-A53F-72C32EBC1575}.Debug|Any CPU.ActiveCfg = Debug|Any CPU
		{CE9800B1-2F83-450A-A53F-72C32EBC1575}.Debug|Any CPU.Build.0 = Debug|Any CPU
		{CE9800B1-2F83-450A-A53F-72C32EBC1575}.Release|Any CPU.ActiveCfg = Release|Any CPU
		{CE9800B1-2F83-450A-A53F-72C32EBC1575}.Release|Any CPU.Build.0 = Release|Any CPU
		{81DDED9D-158B-E303-5F62-77A2896D2A5A}.Debug|Any CPU.ActiveCfg = Debug|Any CPU
		{81DDED9D-158B-E303-5F62-77A2896D2A5A}.Debug|Any CPU.Build.0 = Debug|Any CPU
		{81DDED9D-158B-E303-5F62-77A2896D2A5A}.Release|Any CPU.ActiveCfg = Release|Any CPU
		{81DDED9D-158B-E303-5F62-77A2896D2A5A}.Release|Any CPU.Build.0 = Release|Any CPU
	EndGlobalSection
	GlobalSection(SolutionProperties) = preSolution
		HideSolutionNode = FALSE
	EndGlobalSection
	GlobalSection(ExtensibilityGlobals) = postSolution
		SolutionGuid = {5A186053-ADBA-40F2-A640-1A385B54FDF2}
	EndGlobalSection
EndGlobal
